
Microsoft Visual Studio Solution File, Format Version 12.00
# Visual Studio Version 16
VisualStudioVersion = 16.0.31829.152
MinimumVisualStudioVersion = 10.0.40219.1
Project("{FAE04EC0-301F-11D3-BF4B-00C04F79EFBC}") = "MCD_EnumNedir", "MCD_EnumNedir\MCD_EnumNedir.csproj", "{F09842E6-FF3A-4047-A34F-CA295215C614}"
EndProject
Global
	GlobalSection(SolutionConfigurationPlatforms) = preSolution
		Debug|Any CPU = Debug|Any CPU
		Release|Any CPU = Release|Any CPU
	EndGlobalSection
	GlobalSection(ProjectConfigurationPlatforms) = postSolution
		{F09842E6-FF3A-4047-A34F-CA295215C614}.Debug|Any CPU.ActiveCfg = Debug|Any CPU
		{F09842E6-FF3A-4047-A34F-CA295215C614}.Debug|Any CPU.Build.0 = Debug|Any CPU
		{F09842E6-FF3A-4047-A34F-CA295215C614}.Release|Any CPU.ActiveCfg = Release|Any CPU
		{F09842E6-FF3A-4047-A34F-CA295215C614}.Release|Any CPU.Build.0 = Release|Any CPU
	EndGlobalSection
	GlobalSection(SolutionProperties) = preSolution
		HideSolutionNode = FALSE
	EndGlobalSection
	GlobalSection(ExtensibilityGlobals) = postSolution
		SolutionGuid = {1C4897FC-F438-4AB7-80FF-1E1916635410}
	EndGlobalSection
EndGlobal
